{
  "version": 4,
  "terraform_version": "1.10.4",
  "serial": 7,
  "lineage": "80178a5c-1067-34e0-4698-68c1406e3f11",
  "outputs": {
    "aks_name": {
      "value": "aks-cluster",
      "type": "string"
    },
    "vnet_id": {
      "value": "/subscriptions/0a76b2f9-9f40-4146-821c-c92894a999f1/resourceGroups/aks-resource-group/providers/Microsoft.Network/virtualNetworks/aks-vnet",
      "type": "string"
    }
  },
  "resources": [
    {
      "module": "module.networking",
      "mode": "managed",
      "type": "azurerm_network_security_group",
      "name": "nsg",
      "provider": "provider[\"registry.terraform.io/hashicorp/azurerm\"]",
      "instances": [
        {
          "schema_version": 0,
          "attributes": {
            "id": "/subscriptions/0a76b2f9-9f40-4146-821c-c92894a999f1/resourceGroups/aks-resource-group/providers/Microsoft.Network/networkSecurityGroups/aks-nsg",
            "location": "uksouth",
            "name": "aks-nsg",
            "resource_group_name": "aks-resource-group",
            "security_rule": [],
            "tags": null,
            "timeouts": null
          },
          "sensitive_attributes": [],
          "private": "eyJlMmJmYjczMC1lY2FhLTExZTYtOGY4OC0zNDM2M2JjN2M0YzAiOnsiY3JlYXRlIjoxODAwMDAwMDAwMDAwLCJkZWxldGUiOjE4MDAwMDAwMDAwMDAsInJlYWQiOjMwMDAwMDAwMDAwMCwidXBkYXRlIjoxODAwMDAwMDAwMDAwfX0=",
          "dependencies": [
            "module.networking.azurerm_resource_group.rg"
          ]
        }
      ]
    },
    {
      "module": "module.networking",
      "mode": "managed",
      "type": "azurerm_resource_group",
      "name": "rg",
      "provider": "provider[\"registry.terraform.io/hashicorp/azurerm\"]",
      "instances": [
        {
          "schema_version": 0,
          "attributes": {
            "id": "/subscriptions/0a76b2f9-9f40-4146-821c-c92894a999f1/resourceGroups/aks-resource-group",
            "location": "uksouth",
            "managed_by": "",
            "name": "aks-resource-group",
            "tags": null,
            "timeouts": null
          },
          "sensitive_attributes": [],
          "private": "eyJlMmJmYjczMC1lY2FhLTExZTYtOGY4OC0zNDM2M2JjN2M0YzAiOnsiY3JlYXRlIjo1NDAwMDAwMDAwMDAwLCJkZWxldGUiOjU0MDAwMDAwMDAwMDAsInJlYWQiOjMwMDAwMDAwMDAwMCwidXBkYXRlIjo1NDAwMDAwMDAwMDAwfX0="
        }
      ]
    },
    {
      "module": "module.networking",
      "mode": "managed",
      "type": "azurerm_subnet",
      "name": "subnet",
      "provider": "provider[\"registry.terraform.io/hashicorp/azurerm\"]",
      "instances": [
        {
          "schema_version": 0,
          "attributes": {
            "address_prefixes": [
              "10.0.1.0/24"
            ],
            "default_outbound_access_enabled": true,
            "delegation": [],
            "id": "/subscriptions/0a76b2f9-9f40-4146-821c-c92894a999f1/resourceGroups/aks-resource-group/providers/Microsoft.Network/virtualNetworks/aks-vnet/subnets/aks-subnet",
            "name": "aks-subnet",
            "private_endpoint_network_policies": "Disabled",
            "private_link_service_network_policies_enabled": true,
            "resource_group_name": "aks-resource-group",
            "service_endpoint_policy_ids": null,
            "service_endpoints": null,
            "timeouts": null,
            "virtual_network_name": "aks-vnet"
          },
          "sensitive_attributes": [],
          "private": "eyJlMmJmYjczMC1lY2FhLTExZTYtOGY4OC0zNDM2M2JjN2M0YzAiOnsiY3JlYXRlIjoxODAwMDAwMDAwMDAwLCJkZWxldGUiOjE4MDAwMDAwMDAwMDAsInJlYWQiOjMwMDAwMDAwMDAwMCwidXBkYXRlIjoxODAwMDAwMDAwMDAwfX0=",
          "dependencies": [
            "module.networking.azurerm_resource_group.rg",
            "module.networking.azurerm_virtual_network.vnet"
          ]
        }
      ]
    },
    {
      "module": "module.networking",
      "mode": "managed",
      "type": "azurerm_subnet_network_security_group_association",
      "name": "subnet_nsg",
      "provider": "provider[\"registry.terraform.io/hashicorp/azurerm\"]",
      "instances": [
        {
          "schema_version": 0,
          "attributes": {
            "id": "/subscriptions/0a76b2f9-9f40-4146-821c-c92894a999f1/resourceGroups/aks-resource-group/providers/Microsoft.Network/virtualNetworks/aks-vnet/subnets/aks-subnet",
            "network_security_group_id": "/subscriptions/0a76b2f9-9f40-4146-821c-c92894a999f1/resourceGroups/aks-resource-group/providers/Microsoft.Network/networkSecurityGroups/aks-nsg",
            "subnet_id": "/subscriptions/0a76b2f9-9f40-4146-821c-c92894a999f1/resourceGroups/aks-resource-group/providers/Microsoft.Network/virtualNetworks/aks-vnet/subnets/aks-subnet",
            "timeouts": null
          },
          "sensitive_attributes": [],
          "private": "eyJlMmJmYjczMC1lY2FhLTExZTYtOGY4OC0zNDM2M2JjN2M0YzAiOnsiY3JlYXRlIjoxODAwMDAwMDAwMDAwLCJkZWxldGUiOjE4MDAwMDAwMDAwMDAsInJlYWQiOjMwMDAwMDAwMDAwMH19",
          "dependencies": [
            "module.networking.azurerm_network_security_group.nsg",
            "module.networking.azurerm_resource_group.rg",
            "module.networking.azurerm_subnet.subnet",
            "module.networking.azurerm_virtual_network.vnet"
          ]
        }
      ]
    },
    {
      "module": "module.networking",
      "mode": "managed",
      "type": "azurerm_virtual_network",
      "name": "vnet",
      "provider": "provider[\"registry.terraform.io/hashicorp/azurerm\"]",
      "instances": [
        {
          "schema_version": 0,
          "attributes": {
            "address_space": [
              "10.0.0.0/16"
            ],
            "bgp_community": "",
            "ddos_protection_plan": [],
            "dns_servers": [],
            "edge_zone": "",
            "encryption": [],
            "flow_timeout_in_minutes": 0,
            "guid": "736f59b4-9e53-42fb-bcbc-e714135e49df",
            "id": "/subscriptions/0a76b2f9-9f40-4146-821c-c92894a999f1/resourceGroups/aks-resource-group/providers/Microsoft.Network/virtualNetworks/aks-vnet",
            "location": "uksouth",
            "name": "aks-vnet",
            "private_endpoint_vnet_policies": "Disabled",
            "resource_group_name": "aks-resource-group",
            "subnet": [],
            "tags": null,
            "timeouts": null
          },
          "sensitive_attributes": [],
          "private": "eyJlMmJmYjczMC1lY2FhLTExZTYtOGY4OC0zNDM2M2JjN2M0YzAiOnsiY3JlYXRlIjoxODAwMDAwMDAwMDAwLCJkZWxldGUiOjE4MDAwMDAwMDAwMDAsInJlYWQiOjMwMDAwMDAwMDAwMCwidXBkYXRlIjoxODAwMDAwMDAwMDAwfX0=",
          "dependencies": [
            "module.networking.azurerm_resource_group.rg"
          ]
        }
      ]
    }
  ],
  "check_results": null
}
